
Microsoft Visual Studio Solution File, Format Version 12.00
# Visual Studio Version 16
VisualStudioVersion = 16.0.30907.101
MinimumVisualStudioVersion = 10.0.40219.1
Project("{9A19103F-16F7-4668-BE54-9A1E7A4F7556}") = "HashTable", "HashTable\HashTable.csproj", "{CF9AB20F-EC52-4049-948E-9457F1EC2C6C}"
EndProject
Project("{FAE04EC0-301F-11D3-BF4B-00C04F79EFBC}") = "NUnitTestProject", "NUnitTestProject\NUnitTestProject.csproj", "{690574DE-6755-42B2-AF1D-6728D11CD3FA}"
EndProject
Global
	GlobalSection(SolutionConfigurationPlatforms) = preSolution
		Debug|Any CPU = Debug|Any CPU
		Release|Any CPU = Release|Any CPU
	EndGlobalSection
	GlobalSection(ProjectConfigurationPlatforms) = postSolution
		{CF9AB20F-EC52-4049-948E-9457F1EC2C6C}.Debug|Any CPU.ActiveCfg = Debug|Any CPU
		{CF9AB20F-EC52-4049-948E-9457F1EC2C6C}.Debug|Any CPU.Build.0 = Debug|Any CPU
		{CF9AB20F-EC52-4049-948E-9457F1EC2C6C}.Release|Any CPU.ActiveCfg = Release|Any CPU
		{CF9AB20F-EC52-4049-948E-9457F1EC2C6C}.Release|Any CPU.Build.0 = Release|Any CPU
		{690574DE-6755-42B2-AF1D-6728D11CD3FA}.Debug|Any CPU.ActiveCfg = Debug|Any CPU
		{690574DE-6755-42B2-AF1D-6728D11CD3FA}.Debug|Any CPU.Build.0 = Debug|Any CPU
		{690574DE-6755-42B2-AF1D-6728D11CD3FA}.Release|Any CPU.ActiveCfg = Release|Any CPU
		{690574DE-6755-42B2-AF1D-6728D11CD3FA}.Release|Any CPU.Build.0 = Release|Any CPU
	EndGlobalSection
	GlobalSection(SolutionProperties) = preSolution
		HideSolutionNode = FALSE
	EndGlobalSection
	GlobalSection(ExtensibilityGlobals) = postSolution
		SolutionGuid = {F6040FDE-93FF-49B8-96AD-B1C770FED2B8}
	EndGlobalSection
EndGlobal
